github.com/atotto/clipboard v0.1.2 h1:YZCtFu5Ie8qX2VmVTBnrqLSiU9XOWwqNRmdT3gIQzbY=
github.com/atotto/clipboard v0.1.2/go.mod h1:ZY9tmq7sm5xIbd9bOK4onWV4S6X0u6GY7Vn0Yu86PYI=
github.com/boombuler/barcode v1.0.0/go.mod h1:paBWMcWSl3LHKBqUq+rly7CNSldXjb2rDl3JlRe0mD8=
github.com/davecgh/go-spew v1.1.0/go.mod h1:J7Y8YcW2NihsgmVo/mv3lAwl/skON4iLHjSsI+c5H38=
github.com/jung-kurt/gofpdf v1.0.0/go.mod h1:7Id9E/uU8ce6rXgefFLlgrJj/GYY22cpxn+r32jIOes=
github.com/jung-kurt/gofpdf v1.16.2 h1:jgbatWHfRlPYiK85qgevsZTHviWXKwB1TTiKdz5PtRc=
github.com/jung-kurt/gofpdf v1.16.2/go.mod h1:1hl7y57EsiPAkLbOwzpzqgx1A30nQCk/YmFV8S2vmK0=
github.com/kr/pretty v0.1.0 h1:L/CwN0zerZDmRFUapSPitk6f+Q3+0za1rQkzVuMiMFI=
github.com/kr/pretty v0.1.0/go.mod h1:dAy3ld7l9f0ibDNOQOHHMYYIIbhfbHSm3C4ZsoJORNo=
github.com/kr/pty v1.1.1/go.mod h1:pFQYn66WHrOpPYNljwOMqo10TkYh1fy3cYio2l3bCsQ=
github.com/kr/text v0.1.0 h1:45sCR5RtlFHMR4UwH9sdQ5TC8v0qDQCHnXt+kaKSTVE=
github.com/kr/text v0.1.0/go.mod h1:4Jbv+DJW3UT/LiOwJeYQe1efqtUx/iVham/4vfdArNI=
github.com/phpdave11/gofpdi v1.0.7/go.mod h1:vBmVV0Do6hSBHC8uKUQ71JGW+ZGQq74llk/7bXwjDoI=
github.com/pkg/errors v0.8.1/go.mod h1:bwawxfHBFNV+L2hUp1rHADufV3IMtnDRdf1r5NINEl0=
github.com/pkg/term v0.0.0-20190109203006-aa71e9d9e942 h1:A7GG7zcGjl3jqAqGPmcNjd/D9hzL95SuoOQAaFNdLU0=
github.com/pkg/term v0.0.0-20190109203006-aa71e9d9e942/go.mod h1:eCbImbZ95eXtAUIbLAuAVnBnwf83mjf6QIVH8SHYwqQ=
github.com/pmezard/go-difflib v1.0.0/go.mod h1:iKH77koFhYxTK1pcRnkKkqfTogsbg7gZNVY4sRDYZ/4=
github.com/ruudk/golang-pdf417 v0.0.0-20181029194003-1af4ab5afa58/go.mod h1:6lfFZQK844Gfx8o5WFuvpxWRwnSoipWe/p622j1v06w=
github.com/sourcegraph/annotate v0.0.0-20160123013949-f4cad6c6324d h1:yKm7XZV6j9Ev6lojP2XaIshpT4ymkqhMeSghO5Ps00E=
github.com/sourcegraph/annotate v0.0.0-20160123013949-f4cad6c6324d/go.mod h1:UdhH50NIW0fCiwBSr0co2m7BnFLdv4fQTgdqdJTHFeE=
github.com/sourcegraph/syntaxhighlight v0.0.0-20170531221838-bd320f5d308e h1:qpG93cPwA5f7s/ZPBJnGOYQNK/vKsaDaseuKT5Asee8=
github.com/sourcegraph/syntaxhighlight v0.0.0-20170531221838-bd320f5d308e/go.mod h1:HuIsMU8RRBOtsCgI77wP899iHVBQpCmg4ErYMZB+2IA=
github.com/stretchr/testify v1.2.2/go.mod h1:a8OnRcib4nhh0OaRAV+Yts87kKdq0PP7pXfy6kDkUVs=
github.com/xyproto/syntax v0.0.0-20190927130316-33ad839f30fd/go.mod h1:mCJxUY00r+o4tVnC800hsbzKKMdyLYEmZtn3Fd5RKtw=
github.com/xyproto/syntax v0.0.0-20191202134557-64354a20998a h1:Oyl3zKmadzL/fOA5vFR0spFJbEbxKRbD9qOTGWBx2xE=
github.com/xyproto/syntax v0.0.0-20191202134557-64354a20998a/go.mod h1:h3+dxeju13EJ5hbm/9uLl0fNVHNVFNofeBRzNZpgJ2c=
github.com/xyproto/textoutput v1.7.0/go.mod h1:wucBdKjWDgglMwRR84vP5/RG7PEgEOr9ITFAeZ/cFFU=
github.com/xyproto/textoutput v1.7.1-0.20190927112604-959d7da24b61/go.mod h1:wucBdKjWDgglMwRR84vP5/RG7PEgEOr9ITFAeZ/cFFU=
github.com/xyproto/textoutput v1.9.3 h1:CZaOa99MGooBMww/WPWF8rWNsdiITbDhiAte3h0a8g0=
github.com/xyproto/textoutput v1.9.3/go.mod h1:329pvQev6ep7YsKjcyhBCw6zhXY13LBjpI9YU4FjKsk=
github.com/xyproto/vt100 v1.4.0/go.mod h1:XbSlky3UyOsVx2zzoHtlVWx8+BTAgVz6P3ECsdcKe5o=
github.com/xyproto/vt100 v1.4.1-0.20190927171939-ded707e5fa0f h1:6+kLGNHd6gQqQblHuB4Ped4DpNyzYfz4HOZTLwJZ8WY=
github.com/xyproto/vt100 v1.4.1-0.20190927171939-ded707e5fa0f/go.mod h1:+oNsIfL2iEv0XNDwSfyiekezmDlX5yXz3Bu/iFeRNnY=
github.com/xyproto/vt100 v1.8.2 h1:+/eiASppV7skGs5Kf401KzTeIoFYRzlMQPMdgo0qIIM=
github.com/xyproto/vt100 v1.8.2/go.mod h1:cFzbgu7y2Tkv/y7UcPmPAHrNnEcY8qFdHnu8SuJnKhU=
golang.org/x/image v0.0.0-20190910094157-69e4b8554b2a/go.mod h1:FeLwcggjj3mMvU+oOTbSwawSJRM1uh48EjtB4UJZlP0=
golang.org/x/sys v0.0.0-20190916202348-b4ddaad3f8a3/go.mod h1:h1NjWce9XRLGQEsW7wpKNCjG9DtNlClVuFLEZdDNbEs=
golang.org/x/sys v0.0.0-20190919044723-0c1ff786ef13/go.mod h1:h1NjWce9XRLGQEsW7wpKNCjG9DtNlClVuFLEZdDNbEs=
golang.org/x/sys v0.0.0-20190927073244-c990c680b611/go.mod h1:h1NjWce9XRLGQEsW7wpKNCjG9DtNlClVuFLEZdDNbEs=
golang.org/x/sys v0.0.0-20200122134326-e047566fdf82 h1:ywK/j/KkyTHcdyYSZNXGjMwgmDSfjglYZ3vStQ/gSCU=
golang.org/x/sys v0.0.0-20200122134326-e047566fdf82/go.mod h1:h1NjWce9XRLGQEsW7wpKNCjG9DtNlClVuFLEZdDNbEs=
golang.org/x/text v0.3.0/go.mod h1:NqM8EUOU14njkJ3fqMW+pc6Ldnwhi/IjpwHt7yyuwOQ=
