github.com/atotto/clipboard v0.1.2 h1:YZCtFu5Ie8qX2VmVTBnrqLSiU9XOWwqNRmdT3gIQzbY=
github.com/atotto/clipboard v0.1.2/go.mod h1:ZY9tmq7sm5xIbd9bOK4onWV4S6X0u6GY7Vn0Yu86PYI=
github.com/boombuler/barcode v1.0.0/go.mod h1:paBWMcWSl3LHKBqUq+rly7CNSldXjb2rDl3JlRe0mD8=
github.com/davecgh/go-spew v1.1.0/go.mod h1:J7Y8YcW2NihsgmVo/mv3lAwl/skON4iLHjSsI+c5H38=
github.com/jung-kurt/gofpdf v1.0.0/go.mod h1:7Id9E/uU8ce6rXgefFLlgrJj/GYY22cpxn+r32jIOes=
github.com/jung-kurt/gofpdf v1.16.2 h1:jgbatWHfRlPYiK85qgevsZTHviWXKwB1TTiKdz5PtRc=
github.com/jung-kurt/gofpdf v1.16.2/go.mod h1:1hl7y57EsiPAkLbOwzpzqgx1A30nQCk/YmFV8S2vmK0=
github.com/kr/pretty v0.1.0 h1:L/CwN0zerZDmRFUapSPitk6f+Q3+0za1rQkzVuMiMFI=
github.com/kr/pretty v0.1.0/go.mod h1:dAy3ld7l9f0ibDNOQOHHMYYIIbhfbHSm3C4ZsoJORNo=
github.com/kr/pty v1.1.1/go.mod h1:pFQYn66WHrOpPYNljwOMqo10TkYh1fy3cYio2l3bCsQ=
github.com/kr/text v0.1.0 h1:45sCR5RtlFHMR4UwH9sdQ5TC8v0qDQCHnXt+kaKSTVE=
github.com/kr/text v0.1.0/go.mod h1:4Jbv+DJW3UT/LiOwJeYQe1efqtUx/iVham/4vfdArNI=
github.com/phpdave11/gofpdi v1.0.7/go.mod h1:vBmVV0Do6hSBHC8uKUQ71JGW+ZGQq74llk/7bXwjDoI=
github.com/pkg/errors v0.8.1/go.mod h1:bwawxfHBFNV+L2hUp1rHADufV3IMtnDRdf1r5NINEl0=
github.com/pkg/term v0.0.0-20190109203006-aa71e9d9e942 h1:A7GG7zcGjl3jqAqGPmcNjd/D9hzL95SuoOQAaFNdLU0=
github.com/pkg/term v0.0.0-20190109203006-aa71e9d9e942/go.mod h1:eCbImbZ95eXtAUIbLAuAVnBnwf83mjf6QIVH8SHYwqQ=
github.com/pmezard/go-difflib v1.0.0/go.mod h1:iKH77koFhYxTK1pcRnkKkqfTogsbg7gZNVY4sRDYZ/4=
github.com/ruudk/golang-pdf417 v0.0.0-20181029194003-1af4ab5afa58/go.mod h1:6lfFZQK844Gfx8o5WFuvpxWRwnSoipWe/p622j1v06w=
github.com/sourcegraph/annotate v0.0.0-20160123013949-f4cad6c6324d h1:yKm7XZV6j9Ev6lojP2XaIshpT4ymkqhMeSghO5Ps00E=
github.com/sourcegraph/annotate v0.0.0-20160123013949-f4cad6c6324d/go.mod h1:UdhH50NIW0fCiwBSr0co2m7BnFLdv4fQTgdqdJTHFeE=
github.com/sourcegraph/syntaxhighlight v0.0.0-20170531221838-bd320f5d308e h1:qpG93cPwA5f7s/ZPBJnGOYQNK/vKsaDaseuKT5Asee8=
github.com/sourcegraph/syntaxhighlight v0.0.0-20170531221838-bd320f5d308e/go.mod h1:HuIsMU8RRBOtsCgI77wP899iHVBQpCmg4ErYMZB+2IA=
github.com/stretchr/testify v1.2.2/go.mod h1:a8OnRcib4nhh0OaRAV+Yts87kKdq0PP7pXfy6kDkUVs=
github.com/xyproto/syntax v0.0.0-20190927130316-33ad839f30fd/go.mod h1:mCJxUY00r+o4tVnC800hsbzKKMdyLYEmZtn3Fd5RKtw=
github.com/xyproto/syntax v1.7.1 h1:q3hAEGx7GRp9Fhx0Wzu0EUNchVXvUjhO9oC75/nBt18=
github.com/xyproto/syntax v1.7.1/go.mod h1:qlI2iu6tnbgRUQAylyBVat9PO01N1/xHo6i4nnHvtsk=
github.com/xyproto/syntax v1.7.2-0.20200520202404-6e7a24f98fd3 h1:iVa3n1d3EYrZuFTauy4Xk1j6ww7l0SbjaFkdZfWvzyc=
github.com/xyproto/syntax v1.7.2-0.20200520202404-6e7a24f98fd3/go.mod h1:qlI2iu6tnbgRUQAylyBVat9PO01N1/xHo6i4nnHvtsk=
github.com/xyproto/syntax v1.7.2-0.20200520202548-236883b630eb h1:BuDWJsXm5MNXmHDvPYHKebQZu+/1W/+P3Gn0NGpSS84=
github.com/xyproto/syntax v1.7.2-0.20200520202548-236883b630eb/go.mod h1:qlI2iu6tnbgRUQAylyBVat9PO01N1/xHo6i4nnHvtsk=
github.com/xyproto/textoutput v1.7.0/go.mod h1:wucBdKjWDgglMwRR84vP5/RG7PEgEOr9ITFAeZ/cFFU=
github.com/xyproto/textoutput v1.7.1-0.20190927112604-959d7da24b61/go.mod h1:wucBdKjWDgglMwRR84vP5/RG7PEgEOr9ITFAeZ/cFFU=
github.com/xyproto/textoutput v1.11.0 h1:VORV3VEOxjpO9Y/0OYhfuFbDE7PI7U772uZEdFMtdc8=
github.com/xyproto/textoutput v1.11.0/go.mod h1:7K8l2vTANKS56d6WpjIRrZ5EBuav/TdIlBa4AT7X/A0=
github.com/xyproto/vt100 v1.4.0/go.mod h1:XbSlky3UyOsVx2zzoHtlVWx8+BTAgVz6P3ECsdcKe5o=
github.com/xyproto/vt100 v1.4.1-0.20190927171939-ded707e5fa0f h1:6+kLGNHd6gQqQblHuB4Ped4DpNyzYfz4HOZTLwJZ8WY=
github.com/xyproto/vt100 v1.4.1-0.20190927171939-ded707e5fa0f/go.mod h1:+oNsIfL2iEv0XNDwSfyiekezmDlX5yXz3Bu/iFeRNnY=
github.com/xyproto/vt100 v1.8.3 h1:nS2IOZXxIg0Fe/GQJp9PB+xpWpSzy1UptY58vPRi2co=
github.com/xyproto/vt100 v1.8.3/go.mod h1:jUWlDmO6PexP+x0RuxLVSa71KbV7DlnwRA7lflCUZAk=
golang.org/x/image v0.0.0-20190910094157-69e4b8554b2a/go.mod h1:FeLwcggjj3mMvU+oOTbSwawSJRM1uh48EjtB4UJZlP0=
golang.org/x/sys v0.0.0-20190916202348-b4ddaad3f8a3/go.mod h1:h1NjWce9XRLGQEsW7wpKNCjG9DtNlClVuFLEZdDNbEs=
golang.org/x/sys v0.0.0-20190919044723-0c1ff786ef13/go.mod h1:h1NjWce9XRLGQEsW7wpKNCjG9DtNlClVuFLEZdDNbEs=
golang.org/x/sys v0.0.0-20190927073244-c990c680b611/go.mod h1:h1NjWce9XRLGQEsW7wpKNCjG9DtNlClVuFLEZdDNbEs=
golang.org/x/sys v0.0.0-20200124204421-9fbb57f87de9 h1:1/DFK4b7JH8DmkqhUk48onnSfrPzImPoVxuomtbT2nk=
golang.org/x/sys v0.0.0-20200124204421-9fbb57f87de9/go.mod h1:h1NjWce9XRLGQEsW7wpKNCjG9DtNlClVuFLEZdDNbEs=
golang.org/x/sys v0.0.0-20200202164722-d101bd2416d5 h1:LfCXLvNmTYH9kEmVgqbnsWfruoXZIrh4YBgqVHtDvw0=
golang.org/x/sys v0.0.0-20200202164722-d101bd2416d5/go.mod h1:h1NjWce9XRLGQEsW7wpKNCjG9DtNlClVuFLEZdDNbEs=
golang.org/x/sys v0.0.0-20200519105757-fe76b779f299 h1:DYfZAGf2WMFjMxbgTjaC+2HC7NkNAQs+6Q8b9WEB/F4=
golang.org/x/sys v0.0.0-20200519105757-fe76b779f299/go.mod h1:h1NjWce9XRLGQEsW7wpKNCjG9DtNlClVuFLEZdDNbEs=
golang.org/x/text v0.3.0/go.mod h1:NqM8EUOU14njkJ3fqMW+pc6Ldnwhi/IjpwHt7yyuwOQ=
