github.com/DataDog/gostackparse v0.7.0 h1:i7dLkXHvYzHV308hnkvVGDL3BR4FWl7IsXNPz/IGQh4=
github.com/DataDog/gostackparse v0.7.0/go.mod h1:lTfqcJKqS9KnXQGnyQMCugq3u1FP6UZMfWR0aitKFMM=
github.com/PullRequestInc/go-gpt3 v1.2.0 h1:2Yr4e3VO/gQnvSdj1bJYIFzubaGjV7p9oGoQjHvQJPY=
github.com/PullRequestInc/go-gpt3 v1.2.0/go.mod h1:F9yzAy070LhkqHS2154/IH0HVj5xq5g83gLTj7xzyfw=
github.com/boombuler/barcode v1.0.0/go.mod h1:paBWMcWSl3LHKBqUq+rly7CNSldXjb2rDl3JlRe0mD8=
github.com/creack/pty v1.1.7/go.mod h1:lj5s0c3V2DBrqTV7llrYr5NG6My20zk30Fl46Y7DoTY=
github.com/creack/pty v1.1.21 h1:1/QdRyBaHHJP61QkWMXlOIBfsgdDeeKfK8SYVUWJKf0=
github.com/creack/pty v1.1.21/go.mod h1:MOBLtS5ELjhRRrroQr9kyvTxUAFNvYEK993ew/Vr4O4=
github.com/cyrus-and/gdb v0.0.0-20230321224603-9424cb2f2a86 h1:kHMmK/Nv9EdcvZyk/nPJAMsyx/RvvDJuAlNGOiv4zeQ=
github.com/cyrus-and/gdb v0.0.0-20230321224603-9424cb2f2a86/go.mod h1:22k58xzfLfGi/n7fkt/c8uGafmNb3wXPxdL2g/j0SpE=
github.com/davecgh/go-spew v1.1.0 h1:ZDRjVQ15GmhC3fiQ8ni8+OwkZQO4DARzQgrnXU1Liz8=
github.com/davecgh/go-spew v1.1.0/go.mod h1:J7Y8YcW2NihsgmVo/mv3lAwl/skON4iLHjSsI+c5H38=
github.com/dkua/go-ico v0.0.0-20161218204303-1c25f691ce06 h1:yKWwcHDMrhQ1Vle7iG4xPt9l61A/rTsdYc7bJHwB+sQ=
github.com/dkua/go-ico v0.0.0-20161218204303-1c25f691ce06/go.mod h1:ILJc15OqkUIbcYqL9A7W7xTsfOLRAKP0Jpl74ur9mm8=
github.com/felixge/fgtrace v0.2.0 h1:lq7RO6ELjR+S74+eD+ai/vhYvsjno7Vb84yzU6RPSeU=
github.com/felixge/fgtrace v0.2.0/go.mod h1:q9vMuItthu3CRfNhirTCTwzBcJ8atUFkrJUhgQbjg8c=
github.com/fsnotify/fsnotify v1.4.7/go.mod h1:jwhsz4b93w/PPRr/qN1Yymfu8t87LnFCMoQvtojpjFo=
github.com/fsnotify/fsnotify v1.7.0 h1:8JEhPFa5W2WU7YfeZzPNqzMP6Lwt7L2715Ggo0nosvA=
github.com/fsnotify/fsnotify v1.7.0/go.mod h1:40Bi/Hjc2AVfZrqy+aj+yEI+/bRxZnMJyTJwOpGvigM=
github.com/golang/protobuf v1.2.0/go.mod h1:6lQm79b+lXiMfvg/cZm0SGofjICqVBUtrP5yJMmIC1U=
github.com/golang/protobuf v1.3.1/go.mod h1:6lQm79b+lXiMfvg/cZm0SGofjICqVBUtrP5yJMmIC1U=
github.com/gomarkdown/markdown v0.0.0-20231222211730-1d6d20845b47 h1:k4Tw0nt6lwro3Uin8eqoET7MDA4JnT8YgbCjc/g5E3k=
github.com/gomarkdown/markdown v0.0.0-20231222211730-1d6d20845b47/go.mod h1:JDGcbDT52eL4fju3sZ4TeHGsQwhG9nbDV21aMyhwPoA=
github.com/hpcloud/tail v1.0.0/go.mod h1:ab1qPbhIpdTxEkNHXyeSf5vhxWSCs/tWer42PpOxQnU=
github.com/ianlancetaylor/demangle v0.0.0-20240123011522-1fd6b93ad1eb h1:I+a9shJuSkWy4Dn5loSUn84oVCMXiCBCAOrX6Ljrnl4=
github.com/ianlancetaylor/demangle v0.0.0-20240123011522-1fd6b93ad1eb/go.mod h1:gx7rwoVhcfuVKG5uya9Hs3Sxj7EIvldVofAWIUtGouw=
github.com/joefitzgerald/rainbow-reporter v0.1.0/go.mod h1:481CNgqmVHQZzdIbN52CupLJyoVwB10FQ/IQlF1pdL8=
github.com/joho/godotenv v1.3.0/go.mod h1:7hK45KPybAkOC6peb+G5yklZfMxEjkZhHbwpqxOKXbg=
github.com/jsummers/gobmp v0.0.0-20230614200233-a9de23ed2e25 h1:YLvr1eE6cdCqjOe972w/cYF+FjW34v27+9Vo5106B4M=
github.com/jsummers/gobmp v0.0.0-20230614200233-a9de23ed2e25/go.mod h1:kLgvv7o6UM+0QSf0QjAse3wReFDsb9qbZJdfexWlrQw=
github.com/jung-kurt/gofpdf v1.0.0/go.mod h1:7Id9E/uU8ce6rXgefFLlgrJj/GYY22cpxn+r32jIOes=
github.com/jung-kurt/gofpdf v1.16.2 h1:jgbatWHfRlPYiK85qgevsZTHviWXKwB1TTiKdz5PtRc=
github.com/jung-kurt/gofpdf v1.16.2/go.mod h1:1hl7y57EsiPAkLbOwzpzqgx1A30nQCk/YmFV8S2vmK0=
github.com/kr/pretty v0.1.0/go.mod h1:dAy3ld7l9f0ibDNOQOHHMYYIIbhfbHSm3C4ZsoJORNo=
github.com/kr/pty v1.1.1/go.mod h1:pFQYn66WHrOpPYNljwOMqo10TkYh1fy3cYio2l3bCsQ=
github.com/kr/pty v1.1.8 h1:AkaSdXYQOWeaO3neb8EM634ahkXXe3jYbVh/F9lq+GI=
github.com/kr/pty v1.1.8/go.mod h1:O1sed60cT9XZ5uDucP5qwvh+TE3NnUj51EiZO/lmSfw=
github.com/kr/text v0.1.0/go.mod h1:4Jbv+DJW3UT/LiOwJeYQe1efqtUx/iVham/4vfdArNI=
github.com/lucasb-eyer/go-colorful v1.2.0 h1:1nnpGOrhyZZuNyfu1QjKiUICQ74+3FNCN69Aj6K7nkY=
github.com/lucasb-eyer/go-colorful v1.2.0/go.mod h1:R4dSotOR9KMtayYi1e77YzuveK+i7ruzyGqttikkLy0=
github.com/mattn/go-colorable v0.1.13 h1:fFA4WZxdEF4tXPZVKMLwD8oUnCTTo08duU7wxecdEvA=
github.com/mattn/go-colorable v0.1.13/go.mod h1:7S9/ev0klgBDR4GtXTXX8a3vIGJpMovkB8vQcUbaXHg=
github.com/mattn/go-isatty v0.0.16/go.mod h1:kYGgaQfpe5nmfYZH+SKPsOc2e4SrIfOl2e/yFXSvRLM=
github.com/mattn/go-isatty v0.0.20 h1:xfD0iDuEKnDkl03q4limB+vH+GxLEtL/jb4xVJSWWEY=
github.com/mattn/go-isatty v0.0.20/go.mod h1:W+V8PltTTMOvKvAeJH7IuucS94S2C6jfK/D7dTCTo3Y=
github.com/maxbrunsfeld/counterfeiter/v6 v6.2.3/go.mod h1:1ftk08SazyElaaNvmqAfZWGwJzshjCfBXDLoQtPAMNk=
github.com/mgutz/ansi v0.0.0-20200706080929-d51e80ef957d h1:5PJl274Y63IEHC+7izoQE9x6ikvDFZS2mDVS3drnohI=
github.com/mgutz/ansi v0.0.0-20200706080929-d51e80ef957d/go.mod h1:01TrycV0kFyexm33Z7vhZRXopbI8J3TDReVlkTgMUxE=
github.com/nathan-fiscaletti/consolesize-go v0.0.0-20220204101620-317176b6684d h1:NqRhLdNVlozULwM1B3VaHhcXYSgrOAv8V5BE65om+1Q=
github.com/nathan-fiscaletti/consolesize-go v0.0.0-20220204101620-317176b6684d/go.mod h1:cxIIfNMTwff8f/ZvRouvWYF6wOoO7nj99neWSx2q/Es=
github.com/onsi/ginkgo v1.6.0/go.mod h1:lLunBs/Ym6LB5Z9jYTR76FiuTmxDTDusOGeTQH+WWjE=
github.com/onsi/ginkgo v1.8.0/go.mod h1:lLunBs/Ym6LB5Z9jYTR76FiuTmxDTDusOGeTQH+WWjE=
github.com/onsi/gomega v1.9.0/go.mod h1:Ho0h+IUsWyvy1OpqCwxlQ/21gkhVunqlU8fDGcoTdcA=
github.com/peterhellberg/gfx v0.0.0-20191011152831-b91a0de61948/go.mod h1:itlt/V2ABb7sDu42VXQHXmQ4KOdrEbFZDVIaHsRcwak=
github.com/peterhellberg/gfx v0.0.0-20230908181254-9885a9f73abe h1:vUyJ+2edn98NgivqhHWBQIO8u9bbrXb+U09tG0AQYbU=
github.com/peterhellberg/gfx v0.0.0-20230908181254-9885a9f73abe/go.mod h1:ipo3f7y1+RHNR32fj+4TETou6OF4VXvJBhb9rwncKuw=
github.com/phpdave11/gofpdi v1.0.7/go.mod h1:vBmVV0Do6hSBHC8uKUQ71JGW+ZGQq74llk/7bXwjDoI=
github.com/pkg/errors v0.8.1/go.mod h1:bwawxfHBFNV+L2hUp1rHADufV3IMtnDRdf1r5NINEl0=
github.com/pkg/term v0.0.0-20200520122047-c3ffed290a03/go.mod h1:Z9+Ul5bCbBKnbCvdOWbLqTHhJiYV414CURZJba6L8qA=
github.com/pkg/term v1.2.0-beta.2.0.20210419004637-f749b98bd0ba h1:KVTuKXe/NMcKMIlgVuOq9cWogO8LkolqY0ienhEEYlY=
github.com/pkg/term v1.2.0-beta.2.0.20210419004637-f749b98bd0ba/go.mod h1:E25nymQcrSllhX42Ok8MRm1+hyBdHY0dCeiKZ9jpNGw=
github.com/pmezard/go-difflib v1.0.0 h1:4DBwDE0NGyQoBHbLQYPwSUPoCMWR5BEzIk/f1lZbAQM=
github.com/pmezard/go-difflib v1.0.0/go.mod h1:iKH77koFhYxTK1pcRnkKkqfTogsbg7gZNVY4sRDYZ/4=
github.com/ruudk/golang-pdf417 v0.0.0-20181029194003-1af4ab5afa58/go.mod h1:6lfFZQK844Gfx8o5WFuvpxWRwnSoipWe/p622j1v06w=
github.com/sajari/fuzzy v1.0.0 h1:+FmwVvJErsd0d0hAPlj4CxqxUtQY/fOoY0DwX4ykpRY=
github.com/sajari/fuzzy v1.0.0/go.mod h1:OjYR6KxoWOe9+dOlXeiCJd4dIbED4Oo8wpS89o0pwOo=
github.com/sclevine/spec v1.2.0/go.mod h1:W4J29eT/Kzv7/b9IWLB055Z+qvVC9vt0Arko24q7p+U=
github.com/sclevine/spec v1.4.0/go.mod h1:LvpgJaFyvQzRvc1kaDs0bulYwzC70PbiYjC4QnFHkOM=
github.com/sourcegraph/annotate v0.0.0-20160123013949-f4cad6c6324d h1:yKm7XZV6j9Ev6lojP2XaIshpT4ymkqhMeSghO5Ps00E=
github.com/sourcegraph/annotate v0.0.0-20160123013949-f4cad6c6324d/go.mod h1:UdhH50NIW0fCiwBSr0co2m7BnFLdv4fQTgdqdJTHFeE=
github.com/spf13/pflag v1.0.5 h1:iy+VFUOCP1a+8yFto/drg2CJ5u0yRoB7fZw3DKv/JXA=
github.com/spf13/pflag v1.0.5/go.mod h1:McXfInJRrz4CZXVZOBLb0bTZqETkiAhM9Iw0y3An2Bg=
github.com/stretchr/objx v0.1.0/go.mod h1:HFkY916IF+rwdDfMAkV7OtwuqBVzrE8GR6GFx+wExME=
github.com/stretchr/testify v1.2.2/go.mod h1:a8OnRcib4nhh0OaRAV+Yts87kKdq0PP7pXfy6kDkUVs=
github.com/stretchr/testify v1.6.1/go.mod h1:6Fq8oRcR53rry900zMqJjRRixrwX3KX962/h/Wwjteg=
github.com/stretchr/testify v1.7.0/go.mod h1:6Fq8oRcR53rry900zMqJjRRixrwX3KX962/h/Wwjteg=
github.com/stretchr/testify v1.8.4 h1:CcVxjf3Q8PM0mHUKJCdn+eZZtm5yQwehR5yeSVQQcUk=
github.com/stretchr/testify v1.8.4/go.mod h1:sz/lmYIOXD/1dqDmKjjqLyZ2RngseejIcXlSw2iwfAo=
github.com/xyproto/autoimport v1.5.2 h1:TrQRec20mD6NG1unF+vCkMkUM4Tm5Z68y6D/zAbXBwQ=
github.com/xyproto/autoimport v1.5.2/go.mod h1:L8xvJBA397aNDDsu/BcXI9GJjgT4FsUoZeXj9Vlu+Ow=
github.com/xyproto/benchmarked v0.3.0/go.mod h1:4H4a1k1EsFmliut59gNc8RO2N2IIhl74XqfW0AVjWbk=
github.com/xyproto/binary v1.3.3 h1:pc33rqTXguiedvsH5nhx4P1Ph7iHb7awqhDscTOTHv4=
github.com/xyproto/binary v1.3.3/go.mod h1:0bRi3JImoPWOFfM7yPYzNVyLZXYGQTBwdNRPs4m3+qQ=
github.com/xyproto/burnfont v1.2.3 h1:4MHSRrmVqZT8i1XmDrEG/5qcg2G1bSEDlOoO3BCl11c=
github.com/xyproto/burnfont v1.2.3/go.mod h1:NlQwt/VHpxq17k8CkHcWvWTGhBim818XB4onh+TeZRo=
github.com/xyproto/burnpal v1.0.0 h1:cwiMfJdQKRuTWbg6XjCjBNd7c0TLCpfbxLW5bQNzU+c=
github.com/xyproto/burnpal v1.0.0/go.mod h1:j3S/tDDOEkIChz0sWDqO3zXOgIjz/6nhuc+JrmZNLnA=
github.com/xyproto/carveimg v1.4.6 h1:ELvYIciWpj13wNxFBMhBRBUxDyGq/YYsxjSqw3XoSNY=
github.com/xyproto/carveimg v1.4.6/go.mod h1:hdBZiz8ZYqjh6Kblikq3P/jAntf82NEb+fFUeyZ4x5E=
github.com/xyproto/clip v1.0.0 h1:fA/5CK6rslFvY9Ta76A7U2z73fSaEF96EKjS/RYcC5s=
github.com/xyproto/clip v1.0.0/go.mod h1:jVRcSiAIK6dadcIXPtOa9/wetlggtIGRiRIDOrU0sfU=
github.com/xyproto/digraph v1.2.0 h1:I/tZa5V5OdPfv4A4ps6ASbleB2Uub1dsKRxnMvmLsuE=
github.com/xyproto/digraph v1.2.0/go.mod h1:s7ijNNFO/sZaEwtIznvXjJCPZyqOkE87Y8EtGUd+lQA=
github.com/xyproto/env v1.7.0/go.mod h1:quJdc4lLgEPSzrCRBZDFAptJIjm0fBDZiA1t9shxc7c=
github.com/xyproto/env v1.9.1 h1:RSWzKrNYEcK+Tvk2fu5eHYW5ENq19tYzbHLWfA7fx5s=
github.com/xyproto/env v1.9.1/go.mod h1:quJdc4lLgEPSzrCRBZDFAptJIjm0fBDZiA1t9shxc7c=
github.com/xyproto/env/v2 v2.2.5 h1:FNrp56sptc7ebC2QpM8lqKSGEb3UoYUJZZFl4bmcrPs=
github.com/xyproto/env/v2 v2.2.5/go.mod h1:F81ZEzu15s3TWUZJ1uzBl9iNeq9zcfHvxMkQJaLZUl0=
github.com/xyproto/files v1.4.2 h1:DpZbogck63U6fpjBlD91H/3n+Er90FppBUbCwo2bJMk=
github.com/xyproto/files v1.4.2/go.mod h1:ev4YWddHsJYYyOmc+LL8wvfYMMWA3w7U+VDnpReALGs=
github.com/xyproto/guessica v1.1.2 h1:GP2jniCjE5DLeU0ZBbl9cS4gRXAyk/0lev0dh6Uqrfk=
github.com/xyproto/guessica v1.1.2/go.mod h1:084aWqVDuOYOMVly0NHHLecAPScmGEZTLxm/+Ny49GE=
github.com/xyproto/iferr v1.1.0 h1:+5OZVuzb7ups88Yq2Bio1ygCCVdilTpW+9qUZpdhGAg=
github.com/xyproto/iferr v1.1.0/go.mod h1:En+YVd+aRA+/q3LKqQ+EmsmbWKdgzBwUPE5C4bUfiqA=
github.com/xyproto/mode v0.6.18/go.mod h1:yLSIaGs0nroL/dR8vZ9eDOSEpfIDOSjrF1l/ZCgKOcc=
github.com/xyproto/mode v0.7.21 h1:GEltoThqYrh0bznARj/5L+B3s+vKi5dtA6MApJmTPjo=
github.com/xyproto/mode v0.7.21/go.mod h1:yLSIaGs0nroL/dR8vZ9eDOSEpfIDOSjrF1l/ZCgKOcc=
github.com/xyproto/palgen v1.5.1 h1:pQKt1Q1z7wa45CpIh6vpTzu260RUtDfGTHs2Dw3tf5c=
github.com/xyproto/palgen v1.5.1/go.mod h1:CNbNEV/7R9UvbF8oiS0hBdANveDfBBc4/pvQIFp5ygg=
github.com/xyproto/stringpainter v1.0.1 h1:OpCY4iTqtdyQD5wllMIp9vebVUB5hUrbQH2SQKKuB8w=
github.com/xyproto/stringpainter v1.0.1/go.mod h1:k6CjhMdN0Rq+FECU4rm5mk8ozaRq7tEM9J1s19JqKjI=
github.com/xyproto/syntax v1.10.9 h1:rZ6rlD/4odMgeSV/wDbwr9Vllcs3R8shrwEBsQSH3UY=
github.com/xyproto/syntax v1.10.9/go.mod h1:dhgw9EjQKHotxsu0uD+cpUhK9UHl1RGFmInCCAKArxQ=
github.com/xyproto/termtitle v1.5.1 h1:L1I+6juzNQk+BsoPCYw2c+3unEv4pxQqcyIoO9Xb3qc=
github.com/xyproto/termtitle v1.5.1/go.mod h1:U+yMnuL9ENDJy9+OCDEiEx01b7Uk6Zu6g1O22xY/rvQ=
github.com/xyproto/textoutput v1.12.0/go.mod h1:7gHUVNJjTYzjRsc3S54W8hCcjB96C+/ug/mLus9nBjc=
github.com/xyproto/textoutput v1.16.2 h1:0tb3eUoJuMN+THOESxYjnmaJP7YG64oiu7Jm7qeKibI=
github.com/xyproto/textoutput v1.16.2/go.mod h1:2TYTHRGwKUevFCm85Z4p/i/Fz3A6jIIw2bFTN0PN3MI=
github.com/xyproto/vt100 v1.8.5/go.mod h1:8ni0+pphJABRAZOoyxY9yD0QQxkia4PjKNFiMQStrT4=
github.com/xyproto/vt100 v1.9.8/go.mod h1:ExY2YeEedHIb8ng0LG0nv0pgO4prm3KFRnPcTVMF/is=
github.com/xyproto/vt100 v1.14.2 h1:YO796jUb0zVa9P0EqS8k/UpqYbcmY1EsOk5KXje4gPA=
github.com/xyproto/vt100 v1.14.2/go.mod h1:DZDxocHCwx0kZTVnsyGogNYKyQ1rwDzUURDhAThjLVw=
github.com/xyproto/wordwrap v1.0.1 h1:nKmUy4Jr+VBbeFfCgcUBx/e707ky7GBZLE/x1Uh3dtA=
github.com/xyproto/wordwrap v1.0.1/go.mod h1:NIZ+TjJF24AUJzQDmr/fOMWgn3B2pK5+c9fPCp6UvcM=
github.com/yosssi/gohtml v0.0.0-20201013000340-ee4748c638f4 h1:0sw0nJM544SpsihWx1bkXdYLQDlzRflMgFJQ4Yih9ts=
github.com/yosssi/gohtml v0.0.0-20201013000340-ee4748c638f4/go.mod h1:+ccdNT0xMY1dtc5XBxumbYfOUhmduiGudqaDgD2rVRE=
github.com/yuin/goldmark v1.4.13/go.mod h1:6yULJ656Px+3vBD8DxQVa3kxgyrAnzto9xy5taEt/CY=
go.uber.org/goleak v1.1.12 h1:gZAh5/EyT/HQwlpkCy6wTpqfH9H8Lz8zbm3dZh+OyzA=
go.uber.org/goleak v1.1.12/go.mod h1:cwTWslyiVhfpKIDGSZEM2HlOvcqm+tG4zioyIeLoqMQ=
golang.org/x/crypto v0.0.0-20190308221718-c2843e01d9a2/go.mod h1:djNgcEr1/C05ACkg1iLfiJU5Ep61QUkGW8qpdssI0+w=
golang.org/x/crypto v0.0.0-20191011191535-87dc89f01550/go.mod h1:yigFU9vqHzYiE8UmvKecakEJjdnWj3jj499lnFckfCI=
golang.org/x/crypto v0.0.0-20210921155107-089bfa567519/go.mod h1:GvvjBRRGRdwPK5ydBHafDWAxML/pGHZbMvKqRZ5+Abc=
golang.org/x/image v0.0.0-20190910094157-69e4b8554b2a/go.mod h1:FeLwcggjj3mMvU+oOTbSwawSJRM1uh48EjtB4UJZlP0=
golang.org/x/image v0.10.0/go.mod h1:jtrku+n79PfroUbvDdeUWMAI+heR786BofxrbiSF+J0=
golang.org/x/image v0.15.0 h1:kOELfmgrmJlw4Cdb7g/QGuB3CvDrXbqEIww/pNtNBm8=
golang.org/x/image v0.15.0/go.mod h1:HUYqC05R2ZcZ3ejNQsIHQDQiwWM4JBqmm6MKANTp4LE=
golang.org/x/mod v0.1.1-0.20191105210325-c90efee705ee/go.mod h1:QqPTAvyqsEbceGzBzNggFXnrqF1CaUcvgkdR5Ot7KZg=
golang.org/x/mod v0.6.0-dev.0.20220419223038-86c51ed26bb4/go.mod h1:jJ57K6gSWd91VN4djpZkiMVwK6gcyfeH4XE8wZrZaV4=
golang.org/x/mod v0.8.0/go.mod h1:iBbtSCu2XBx23ZKBPSOrRkjjQPZFPuis4dIYUhu/chs=
golang.org/x/net v0.0.0-20180906233101-161cd47e91fd/go.mod h1:mL1N/T3taQHkDXs73rZJwtUhF3w3ftmwwsq0BUmARs4=
golang.org/x/net v0.0.0-20190404232315-eb5bcb51f2a3/go.mod h1:t9HGtf8HONx5eT2rtn7q6eTqICYqUVnKs3thJo3Qplg=
golang.org/x/net v0.0.0-20190620200207-3b0461eec859/go.mod h1:z5CRVTTTmAJ677TzLLGU+0bjPO0LkuOLi4/5GtJWs/s=
golang.org/x/net v0.0.0-20190628185345-da137c7871d7/go.mod h1:z5CRVTTTmAJ677TzLLGU+0bjPO0LkuOLi4/5GtJWs/s=
golang.org/x/net v0.0.0-20210226172049-e18ecbb05110/go.mod h1:m0MpNAwzfU5UDzcl9v0D8zg8gWTRqZa9RBIspLL5mdg=
golang.org/x/net v0.0.0-20220722155237-a158d28d115b/go.mod h1:XRhObCWvk6IyKnWLug+ECip1KBveYUHfp+8e9klMJ9c=
golang.org/x/net v0.6.0/go.mod h1:2Tu9+aMcznHK/AK1HMvgo6xiTLG5rD5rZLDS+rp2Bjs=
golang.org/x/net v0.20.0 h1:aCL9BSgETF1k+blQaYUBx9hJ9LOGP3gAVemcZlf1Kpo=
golang.org/x/net v0.20.0/go.mod h1:z8BVo6PvndSri0LbOE3hAn0apkU+1YvI6E70E9jsnvY=
golang.org/x/sync v0.0.0-20180314180146-1d60e4601c6f/go.mod h1:RxMgew5VJxzue5/jJTE5uejpjVlOe/izrB70Jof72aM=
golang.org/x/sync v0.0.0-20190423024810-112230192c58/go.mod h1:RxMgew5VJxzue5/jJTE5uejpjVlOe/izrB70Jof72aM=
golang.org/x/sync v0.0.0-20220722155255-886fb9371eb4/go.mod h1:RxMgew5VJxzue5/jJTE5uejpjVlOe/izrB70Jof72aM=
golang.org/x/sync v0.1.0/go.mod h1:RxMgew5VJxzue5/jJTE5uejpjVlOe/izrB70Jof72aM=
golang.org/x/sys v0.0.0-20180909124046-d0be0721c37e/go.mod h1:STP8DvDyc/dI5b8T5hshtkjS+E42TnysNCUPdjciGhY=
golang.org/x/sys v0.0.0-20190215142949-d0b11bdaac8a/go.mod h1:STP8DvDyc/dI5b8T5hshtkjS+E42TnysNCUPdjciGhY=
golang.org/x/sys v0.0.0-20190412213103-97732733099d/go.mod h1:h1NjWce9XRLGQEsW7wpKNCjG9DtNlClVuFLEZdDNbEs=
golang.org/x/sys v0.0.0-20190626221950-04f50cda93cb/go.mod h1:h1NjWce9XRLGQEsW7wpKNCjG9DtNlClVuFLEZdDNbEs=
golang.org/x/sys v0.0.0-20200523222454-059865788121/go.mod h1:h1NjWce9XRLGQEsW7wpKNCjG9DtNlClVuFLEZdDNbEs=
golang.org/x/sys v0.0.0-20200909081042-eff7692f9009/go.mod h1:h1NjWce9XRLGQEsW7wpKNCjG9DtNlClVuFLEZdDNbEs=
golang.org/x/sys v0.0.0-20201119102817-f84b799fce68/go.mod h1:h1NjWce9XRLGQEsW7wpKNCjG9DtNlClVuFLEZdDNbEs=
golang.org/x/sys v0.0.0-20210615035016-665e8c7367d1/go.mod h1:oPkhp1MJrh7nUepCBck5+mAzfO9JrbApNNgaTdGDITg=
golang.org/x/sys v0.0.0-20210910150752-751e447fb3d0/go.mod h1:oPkhp1MJrh7nUepCBck5+mAzfO9JrbApNNgaTdGDITg=
golang.org/x/sys v0.0.0-20220520151302-bc2c85ada10a/go.mod h1:oPkhp1MJrh7nUepCBck5+mAzfO9JrbApNNgaTdGDITg=
golang.org/x/sys v0.0.0-20220722155257-8c9f86f7a55f/go.mod h1:oPkhp1MJrh7nUepCBck5+mAzfO9JrbApNNgaTdGDITg=
golang.org/x/sys v0.0.0-20220811171246-fbc7d0a398ab/go.mod h1:oPkhp1MJrh7nUepCBck5+mAzfO9JrbApNNgaTdGDITg=
golang.org/x/sys v0.5.0/go.mod h1:oPkhp1MJrh7nUepCBck5+mAzfO9JrbApNNgaTdGDITg=
golang.org/x/sys v0.6.0/go.mod h1:oPkhp1MJrh7nUepCBck5+mAzfO9JrbApNNgaTdGDITg=
golang.org/x/sys v0.15.0/go.mod h1:/VUhepiaJMQUp4+oa/7Zr1D23ma6VTLIYjOOTFZPUcA=
golang.org/x/sys v0.16.0 h1:xWw16ngr6ZMtmxDyKyIgsE93KNKz5HKmMa3b8ALHidU=
golang.org/x/sys v0.16.0/go.mod h1:/VUhepiaJMQUp4+oa/7Zr1D23ma6VTLIYjOOTFZPUcA=
golang.org/x/term v0.0.0-20201126162022-7de9c90e9dd1/go.mod h1:bj7SfCRtBDWHUb9snDiAeCFNEtKQo2Wmx5Cou7ajbmo=
golang.org/x/term v0.0.0-20210927222741-03fcf44c2211/go.mod h1:jbD1KX2456YbFQfuXm/mYQcufACuNUgVhRMnK/tPxf8=
golang.org/x/term v0.5.0/go.mod h1:jMB1sMXY+tzblOD4FWmEbocvup2/aLOaQEp7JmGp78k=
golang.org/x/text v0.3.0/go.mod h1:NqM8EUOU14njkJ3fqMW+pc6Ldnwhi/IjpwHt7yyuwOQ=
golang.org/x/text v0.3.2/go.mod h1:bEr9sfX3Q8Zfm5fL9x+3itogRgK3+ptLWKqgva+5dAk=
golang.org/x/text v0.3.3/go.mod h1:5Zoc/QRtKVWzQhOtBMvqHzDpF6irO9z98xDceosuGiQ=
golang.org/x/text v0.3.7/go.mod h1:u+2+/6zg+i71rQMx5EYifcz6MCKuco9NR6JIITiCfzQ=
golang.org/x/text v0.7.0/go.mod h1:mrYo+phRRbMaCq/xk9113O4dZlRixOauAjOtrjsXDZ8=
golang.org/x/text v0.11.0/go.mod h1:TvPlkZtksWOMsz7fbANvkp4WM8x/WCo/om8BMLbz+aE=
golang.org/x/tools v0.0.0-20180917221912-90fa682c2a6e/go.mod h1:n7NCudcB/nEzxVGmLbDWY5pfWTLqBcC2KZ6jyYvM4mQ=
golang.org/x/tools v0.0.0-20191119224855-298f0cb1881e/go.mod h1:b+2E5dAYhXwXZwtnZ6UAqBI28+e2cm9otk0dWdXHAEo=
golang.org/x/tools v0.0.0-20200301222351-066e0c02454c/go.mod h1:TB2adYChydJhpapKDTa4BR/hXlZSLoq2Wpct/0txZ28=
golang.org/x/tools v0.1.12/go.mod h1:hNGJHUnrk76NpqgfD5Aqm5Crs+Hm0VOH/i9J2+nxYbc=
golang.org/x/tools v0.6.0/go.mod h1:Xwgl3UAJ/d3gWutnCtw505GrjyAbvKui8lOU390QaIU=
golang.org/x/xerrors v0.0.0-20190717185122-a985d3407aa7/go.mod h1:I/5z698sn9Ka8TeJc9MKroUUfqBBauWjQqLJ2OPfmY0=
golang.org/x/xerrors v0.0.0-20191011141410-1b5146add898/go.mod h1:I/5z698sn9Ka8TeJc9MKroUUfqBBauWjQqLJ2OPfmY0=
gopkg.in/check.v1 v0.0.0-20161208181325-20d25e280405/go.mod h1:Co6ibVJAznAaIkqp8huTwlJQCZ016jof/cbN4VW5Yz0=
gopkg.in/check.v1 v1.0.0-20180628173108-788fd7840127/go.mod h1:Co6ibVJAznAaIkqp8huTwlJQCZ016jof/cbN4VW5Yz0=
gopkg.in/fsnotify.v1 v1.4.7/go.mod h1:Tz8NjZHkW78fSQdbUxIjBTcgA1z1m8ZHf0WmKUhAMys=
gopkg.in/tomb.v1 v1.0.0-20141024135613-dd632973f1e7/go.mod h1:dt/ZhP58zS4L8KSrWDmTeBkI65Dw0HsyUHuEVlX15mw=
gopkg.in/yaml.v2 v2.2.4/go.mod h1:hI93XBmqTisBFMUTm0b8Fm+jr3Dg1NNxqwp+5A1VGuI=
gopkg.in/yaml.v3 v3.0.0-20200313102051-9f266ea9e77c h1:dUUwHk2QECo/6vqA44rthZ8ie2QXMNeKRTHCNY2nXvo=
gopkg.in/yaml.v3 v3.0.0-20200313102051-9f266ea9e77c/go.mod h1:K4uyk7z7BCEPqu6E+C64Yfv1cQ7kz7rIZviUmN+EgEM=
