github.com/DataDog/gostackparse v0.6.0 h1:egCGQviIabPwsyoWpGvIBGrEnNWez35aEO7OJ1vBI4o=
github.com/DataDog/gostackparse v0.6.0/go.mod h1:lTfqcJKqS9KnXQGnyQMCugq3u1FP6UZMfWR0aitKFMM=
github.com/atotto/clipboard v0.1.4 h1:EH0zSVneZPSuFR11BlR9YppQTVDbh5+16AmcJi4g1z4=
github.com/atotto/clipboard v0.1.4/go.mod h1:ZY9tmq7sm5xIbd9bOK4onWV4S6X0u6GY7Vn0Yu86PYI=
github.com/boombuler/barcode v1.0.0/go.mod h1:paBWMcWSl3LHKBqUq+rly7CNSldXjb2rDl3JlRe0mD8=
github.com/creack/pty v1.1.7/go.mod h1:lj5s0c3V2DBrqTV7llrYr5NG6My20zk30Fl46Y7DoTY=
github.com/creack/pty v1.1.18 h1:n56/Zwd5o6whRC5PMGretI4IdRLlmBXYNjScPaBgsbY=
github.com/creack/pty v1.1.18/go.mod h1:MOBLtS5ELjhRRrroQr9kyvTxUAFNvYEK993ew/Vr4O4=
github.com/cyrus-and/gdb v0.0.0-20220625165517-e10bcab384bb h1:buam3WnZvbeiIXp3SRQm2R0dvxyE+svi7xh9bf1Yyr0=
github.com/cyrus-and/gdb v0.0.0-20220625165517-e10bcab384bb/go.mod h1:wyNWmFg5S+hlh6zOWj3iRW+TQ3NeSmOzgYZNKOtANhc=
github.com/davecgh/go-spew v1.1.0 h1:ZDRjVQ15GmhC3fiQ8ni8+OwkZQO4DARzQgrnXU1Liz8=
github.com/davecgh/go-spew v1.1.0/go.mod h1:J7Y8YcW2NihsgmVo/mv3lAwl/skON4iLHjSsI+c5H38=
github.com/felixge/fgtrace v0.2.0 h1:lq7RO6ELjR+S74+eD+ai/vhYvsjno7Vb84yzU6RPSeU=
github.com/felixge/fgtrace v0.2.0/go.mod h1:q9vMuItthu3CRfNhirTCTwzBcJ8atUFkrJUhgQbjg8c=
github.com/ianlancetaylor/demangle v0.0.0-20220517205856-0058ec4f073c h1:rwmN+hgiyp8QyBqzdEX43lTjKAxaqCrYHaU5op5P9J8=
github.com/ianlancetaylor/demangle v0.0.0-20220517205856-0058ec4f073c/go.mod h1:aYm2/VgdVmcIU8iMfdMvDMsRAQjcfZSKFby6HOFvi/w=
github.com/jung-kurt/gofpdf v1.0.0/go.mod h1:7Id9E/uU8ce6rXgefFLlgrJj/GYY22cpxn+r32jIOes=
github.com/jung-kurt/gofpdf v1.16.2 h1:jgbatWHfRlPYiK85qgevsZTHviWXKwB1TTiKdz5PtRc=
github.com/jung-kurt/gofpdf v1.16.2/go.mod h1:1hl7y57EsiPAkLbOwzpzqgx1A30nQCk/YmFV8S2vmK0=
github.com/kr/pty v1.1.8 h1:AkaSdXYQOWeaO3neb8EM634ahkXXe3jYbVh/F9lq+GI=
github.com/kr/pty v1.1.8/go.mod h1:O1sed60cT9XZ5uDucP5qwvh+TE3NnUj51EiZO/lmSfw=
github.com/mattn/go-colorable v0.1.12/go.mod h1:u5H1YNBxpqRaxsYJYSkiCWKzEfiAb1Gb520KVy5xxl4=
github.com/mattn/go-colorable v0.1.13 h1:fFA4WZxdEF4tXPZVKMLwD8oUnCTTo08duU7wxecdEvA=
github.com/mattn/go-colorable v0.1.13/go.mod h1:7S9/ev0klgBDR4GtXTXX8a3vIGJpMovkB8vQcUbaXHg=
github.com/mattn/go-isatty v0.0.14/go.mod h1:7GGIvUiUoEMVVmxf/4nioHXj79iQHKdU27kJ6hsGG94=
github.com/mattn/go-isatty v0.0.16 h1:bq3VjFmv/sOjHtdEhmkEV4x1AJtvUvOJ2PFAZ5+peKQ=
github.com/mattn/go-isatty v0.0.16/go.mod h1:kYGgaQfpe5nmfYZH+SKPsOc2e4SrIfOl2e/yFXSvRLM=
github.com/mgutz/ansi v0.0.0-20200706080929-d51e80ef957d h1:5PJl274Y63IEHC+7izoQE9x6ikvDFZS2mDVS3drnohI=
github.com/mgutz/ansi v0.0.0-20200706080929-d51e80ef957d/go.mod h1:01TrycV0kFyexm33Z7vhZRXopbI8J3TDReVlkTgMUxE=
github.com/phpdave11/gofpdi v1.0.7/go.mod h1:vBmVV0Do6hSBHC8uKUQ71JGW+ZGQq74llk/7bXwjDoI=
github.com/pkg/errors v0.8.1/go.mod h1:bwawxfHBFNV+L2hUp1rHADufV3IMtnDRdf1r5NINEl0=
github.com/pkg/term v0.0.0-20200520122047-c3ffed290a03/go.mod h1:Z9+Ul5bCbBKnbCvdOWbLqTHhJiYV414CURZJba6L8qA=
github.com/pkg/term v1.1.0/go.mod h1:E25nymQcrSllhX42Ok8MRm1+hyBdHY0dCeiKZ9jpNGw=
github.com/pkg/term v1.2.0-beta.2.0.20210419004637-f749b98bd0ba h1:KVTuKXe/NMcKMIlgVuOq9cWogO8LkolqY0ienhEEYlY=
github.com/pkg/term v1.2.0-beta.2.0.20210419004637-f749b98bd0ba/go.mod h1:E25nymQcrSllhX42Ok8MRm1+hyBdHY0dCeiKZ9jpNGw=
github.com/pmezard/go-difflib v1.0.0 h1:4DBwDE0NGyQoBHbLQYPwSUPoCMWR5BEzIk/f1lZbAQM=
github.com/pmezard/go-difflib v1.0.0/go.mod h1:iKH77koFhYxTK1pcRnkKkqfTogsbg7gZNVY4sRDYZ/4=
github.com/ruudk/golang-pdf417 v0.0.0-20181029194003-1af4ab5afa58/go.mod h1:6lfFZQK844Gfx8o5WFuvpxWRwnSoipWe/p622j1v06w=
github.com/sourcegraph/annotate v0.0.0-20160123013949-f4cad6c6324d h1:yKm7XZV6j9Ev6lojP2XaIshpT4ymkqhMeSghO5Ps00E=
github.com/sourcegraph/annotate v0.0.0-20160123013949-f4cad6c6324d/go.mod h1:UdhH50NIW0fCiwBSr0co2m7BnFLdv4fQTgdqdJTHFeE=
github.com/stretchr/objx v0.1.0/go.mod h1:HFkY916IF+rwdDfMAkV7OtwuqBVzrE8GR6GFx+wExME=
github.com/stretchr/testify v1.2.2/go.mod h1:a8OnRcib4nhh0OaRAV+Yts87kKdq0PP7pXfy6kDkUVs=
github.com/stretchr/testify v1.7.0/go.mod h1:6Fq8oRcR53rry900zMqJjRRixrwX3KX962/h/Wwjteg=
github.com/stretchr/testify v1.7.1 h1:5TQK59W5E3v0r2duFAb7P95B6hEeOyEnHRa8MjYSMTY=
github.com/xyproto/benchmarked v0.3.0/go.mod h1:4H4a1k1EsFmliut59gNc8RO2N2IIhl74XqfW0AVjWbk=
github.com/xyproto/binary v1.3.0 h1:RCICHqn81T+vxNdEBQvQ8iZ3Qt44AgMHag4IZgeFXbU=
github.com/xyproto/binary v1.3.0/go.mod h1:0bRi3JImoPWOFfM7yPYzNVyLZXYGQTBwdNRPs4m3+qQ=
github.com/xyproto/env v1.7.0/go.mod h1:quJdc4lLgEPSzrCRBZDFAptJIjm0fBDZiA1t9shxc7c=
github.com/xyproto/env v1.8.0 h1:W8H7zyB+wpJjvJ4mXtN6c6yeMH+qSQ1n0JiW0z3P9v4=
github.com/xyproto/env v1.8.0/go.mod h1:quJdc4lLgEPSzrCRBZDFAptJIjm0fBDZiA1t9shxc7c=
github.com/xyproto/guessica v1.1.2 h1:GP2jniCjE5DLeU0ZBbl9cS4gRXAyk/0lev0dh6Uqrfk=
github.com/xyproto/guessica v1.1.2/go.mod h1:084aWqVDuOYOMVly0NHHLecAPScmGEZTLxm/+Ny49GE=
github.com/xyproto/iferr v1.1.0 h1:+5OZVuzb7ups88Yq2Bio1ygCCVdilTpW+9qUZpdhGAg=
github.com/xyproto/iferr v1.1.0/go.mod h1:En+YVd+aRA+/q3LKqQ+EmsmbWKdgzBwUPE5C4bUfiqA=
github.com/xyproto/mode v0.4.4/go.mod h1:yLSIaGs0nroL/dR8vZ9eDOSEpfIDOSjrF1l/ZCgKOcc=
github.com/xyproto/mode v0.6.18 h1:XLBjlCWew0if2S+AOKLPDCTgi2mnfLPj/5yFJPSqJQY=
github.com/xyproto/mode v0.6.18/go.mod h1:yLSIaGs0nroL/dR8vZ9eDOSEpfIDOSjrF1l/ZCgKOcc=
github.com/xyproto/stringpainter v1.0.0 h1:fw86p5y+PQ/TnzN/u56iEwRPHChcaDGUSaZQVA9I5xA=
github.com/xyproto/stringpainter v1.0.0/go.mod h1:Uz/9PJmEJ2efkJDdCSg6Zt0iu/pmJ45rCfbqLShSOfs=
github.com/xyproto/syntax v1.10.8 h1:s2ZJRk1IgwtX3k9wqawWkISFL1YEl7miCeAtkN9zl+k=
github.com/xyproto/syntax v1.10.8/go.mod h1:ZBpOkCBA//QTqLb394W6goMdEvNG7pkLi1HLqKRMVko=
github.com/xyproto/termtitle v1.5.1 h1:L1I+6juzNQk+BsoPCYw2c+3unEv4pxQqcyIoO9Xb3qc=
github.com/xyproto/termtitle v1.5.1/go.mod h1:U+yMnuL9ENDJy9+OCDEiEx01b7Uk6Zu6g1O22xY/rvQ=
github.com/xyproto/textoutput v1.12.0/go.mod h1:7gHUVNJjTYzjRsc3S54W8hCcjB96C+/ug/mLus9nBjc=
github.com/xyproto/textoutput v1.14.1 h1:wcav2QcGsB79qQoN7LaoLcvLgVCzkHdquvav72vq8Ho=
github.com/xyproto/textoutput v1.14.1/go.mod h1:KinUKPtW2pJxD8SbxToMixUaJbtqRhSOitbZjr/V34s=
github.com/xyproto/vt100 v1.8.5/go.mod h1:8ni0+pphJABRAZOoyxY9yD0QQxkia4PjKNFiMQStrT4=
github.com/xyproto/vt100 v1.9.8/go.mod h1:ExY2YeEedHIb8ng0LG0nv0pgO4prm3KFRnPcTVMF/is=
github.com/xyproto/vt100 v1.9.12/go.mod h1:b0qTpewCw1TQdPH/V2djiI4YdMpfXrxTNi75ri6s0ZI=
github.com/xyproto/vt100 v1.10.4/go.mod h1:GTrdAbDl0c1TYMjR2EoehGn3QyVwACjhSlAS2wdH45k=
github.com/xyproto/vt100 v1.11.3 h1:tXveMV5wZYtA7+DoCuyDOdwuCvKlrNpv7d0vC31YAFE=
github.com/xyproto/vt100 v1.11.3/go.mod h1:/cZEwHrMrKNy75d4Q7GRVdVUUr8nBLfBjlmKoJG/d+8=
go.uber.org/goleak v1.1.12 h1:gZAh5/EyT/HQwlpkCy6wTpqfH9H8Lz8zbm3dZh+OyzA=
golang.org/x/image v0.0.0-20190910094157-69e4b8554b2a/go.mod h1:FeLwcggjj3mMvU+oOTbSwawSJRM1uh48EjtB4UJZlP0=
golang.org/x/sys v0.0.0-20200523222454-059865788121/go.mod h1:h1NjWce9XRLGQEsW7wpKNCjG9DtNlClVuFLEZdDNbEs=
golang.org/x/sys v0.0.0-20200909081042-eff7692f9009/go.mod h1:h1NjWce9XRLGQEsW7wpKNCjG9DtNlClVuFLEZdDNbEs=
golang.org/x/sys v0.0.0-20210630005230-0f9fa26af87c/go.mod h1:oPkhp1MJrh7nUepCBck5+mAzfO9JrbApNNgaTdGDITg=
golang.org/x/sys v0.0.0-20210910150752-751e447fb3d0/go.mod h1:oPkhp1MJrh7nUepCBck5+mAzfO9JrbApNNgaTdGDITg=
golang.org/x/sys v0.0.0-20210927094055-39ccf1dd6fa6/go.mod h1:oPkhp1MJrh7nUepCBck5+mAzfO9JrbApNNgaTdGDITg=
golang.org/x/sys v0.0.0-20211004093028-2c5d950f24ef/go.mod h1:oPkhp1MJrh7nUepCBck5+mAzfO9JrbApNNgaTdGDITg=
golang.org/x/sys v0.0.0-20220328115105-d36c6a25d886/go.mod h1:oPkhp1MJrh7nUepCBck5+mAzfO9JrbApNNgaTdGDITg=
golang.org/x/sys v0.0.0-20220627191245-f75cf1eec38b/go.mod h1:oPkhp1MJrh7nUepCBck5+mAzfO9JrbApNNgaTdGDITg=
golang.org/x/sys v0.0.0-20220811171246-fbc7d0a398ab/go.mod h1:oPkhp1MJrh7nUepCBck5+mAzfO9JrbApNNgaTdGDITg=
golang.org/x/sys v0.3.0 h1:w8ZOecv6NaNa/zC8944JTU3vz4u6Lagfk4RPQxv92NQ=
golang.org/x/sys v0.3.0/go.mod h1:oPkhp1MJrh7nUepCBck5+mAzfO9JrbApNNgaTdGDITg=
golang.org/x/text v0.3.0/go.mod h1:NqM8EUOU14njkJ3fqMW+pc6Ldnwhi/IjpwHt7yyuwOQ=
gopkg.in/check.v1 v0.0.0-20161208181325-20d25e280405/go.mod h1:Co6ibVJAznAaIkqp8huTwlJQCZ016jof/cbN4VW5Yz0=
gopkg.in/yaml.v3 v3.0.0-20200313102051-9f266ea9e77c h1:dUUwHk2QECo/6vqA44rthZ8ie2QXMNeKRTHCNY2nXvo=
gopkg.in/yaml.v3 v3.0.0-20200313102051-9f266ea9e77c/go.mod h1:K4uyk7z7BCEPqu6E+C64Yfv1cQ7kz7rIZviUmN+EgEM=
